
Microsoft Visual Studio Solution File, Format Version 12.00
# Visual Studio Version 16
VisualStudioVersion = 16.0.31729.503
MinimumVisualStudioVersion = 10.0.40219.1
Project("{FAE04EC0-301F-11D3-BF4B-00C04F79EFBC}") = "TailwindCssBlazorSamples", "TailwindCssBlazorSamples\TailwindCssBlazorSamples.csproj", "{C5081D3A-EBDF-46BF-BD28-240FDBB07A28}"
EndProject
Global
	GlobalSection(SolutionConfigurationPlatforms) = preSolution
		Debug|Any CPU = Debug|Any CPU
		Release|Any CPU = Release|Any CPU
	EndGlobalSection
	GlobalSection(ProjectConfigurationPlatforms) = postSolution
		{C5081D3A-EBDF-46BF-BD28-240FDBB07A28}.Debug|Any CPU.ActiveCfg = Debug|Any CPU
		{C5081D3A-EBDF-46BF-BD28-240FDBB07A28}.Debug|Any CPU.Build.0 = Debug|Any CPU
		{C5081D3A-EBDF-46BF-BD28-240FDBB07A28}.Release|Any CPU.ActiveCfg = Release|Any CPU
		{C5081D3A-EBDF-46BF-BD28-240FDBB07A28}.Release|Any CPU.Build.0 = Release|Any CPU
	EndGlobalSection
	GlobalSection(SolutionProperties) = preSolution
		HideSolutionNode = FALSE
	EndGlobalSection
	GlobalSection(ExtensibilityGlobals) = postSolution
		SolutionGuid = {9CF8CBD8-F29F-4314-8A8C-1FE4A3E4B4E7}
	EndGlobalSection
EndGlobal
